// !$*UTF8*$!
{
	archiveVersion = 1;
	classes = {
	};
	objectVersion = 50;
	objects = {

/* Begin PBXBuildFile section */
		D530E71B217F008900D3FE1C /* Interactor.swift in Sources */ = {isa = PBXBuildFile; fileRef = D530E71A217F008900D3FE1C /* Interactor.swift */; };
		D530E722217F082A00D3FE1C /* ResponseListener.swift in Sources */ = {isa = PBXBuildFile; fileRef = D530E721217F082A00D3FE1C /* ResponseListener.swift */; };
		D5DC45CE217DDE9B00709CD2 /* AppDelegate.swift in Sources */ = {isa = PBXBuildFile; fileRef = D5DC45CD217DDE9B00709CD2 /* AppDelegate.swift */; };
		D5DC45D5217DDE9C00709CD2 /* Assets.xcassets in Resources */ = {isa = PBXBuildFile; fileRef = D5DC45D4217DDE9C00709CD2 /* Assets.xcassets */; };
		D5DC45D8217DDE9C00709CD2 /* LaunchScreen.storyboard in Resources */ = {isa = PBXBuildFile; fileRef = D5DC45D6217DDE9C00709CD2 /* LaunchScreen.storyboard */; };
		D5DC45E3217DDE9D00709CD2 /* NewsAppTests.swift in Sources */ = {isa = PBXBuildFile; fileRef = D5DC45E2217DDE9D00709CD2 /* NewsAppTests.swift */; };
		D5DC45EE217DE07C00709CD2 /* MainViewController.swift in Sources */ = {isa = PBXBuildFile; fileRef = D5DC45ED217DE07C00709CD2 /* MainViewController.swift */; };
		D5DC45F2217DE10500709CD2 /* TableViewCell.swift in Sources */ = {isa = PBXBuildFile; fileRef = D5DC45F1217DE10500709CD2 /* TableViewCell.swift */; };
		D5DC45F4217DEE2D00709CD2 /* MainPresenter.swift in Sources */ = {isa = PBXBuildFile; fileRef = D5DC45F3217DEE2D00709CD2 /* MainPresenter.swift */; };
		D5DC45F6217DEE4400709CD2 /* MainPresenterImpl.swift in Sources */ = {isa = PBXBuildFile; fileRef = D5DC45F5217DEE4400709CD2 /* MainPresenterImpl.swift */; };
		D5DC45FA217DEE8700709CD2 /* MainView.swift in Sources */ = {isa = PBXBuildFile; fileRef = D5DC45F9217DEE8700709CD2 /* MainView.swift */; };
		D5DC45FD217DF13300709CD2 /* Article.swift in Sources */ = {isa = PBXBuildFile; fileRef = D5DC45FC217DF13300709CD2 /* Article.swift */; };
/* End PBXBuildFile section */

/* Begin PBXContainerItemProxy section */
		D5DC45DF217DDE9D00709CD2 /* PBXContainerItemProxy */ = {
			isa = PBXContainerItemProxy;
			containerPortal = D5DC45C2217DDE9B00709CD2 /* Project object */;
			proxyType = 1;
			remoteGlobalIDString = D5DC45C9217DDE9B00709CD2;
			remoteInfo = NewsApp;
		};
/* End PBXContainerItemProxy section */

/* Begin PBXFileReference section */
		D530E71A217F008900D3FE1C /* Interactor.swift */ = {isa = PBXFileReference; lastKnownFileType = sourcecode.swift; path = Interactor.swift; sourceTree = "<group>"; };
		D530E721217F082A00D3FE1C /* ResponseListener.swift */ = {isa = PBXFileReference; lastKnownFileType = sourcecode.swift; path = ResponseListener.swift; sourceTree = "<group>"; };
		D5DC45CA217DDE9B00709CD2 /* NewsApp.app */ = {isa = PBXFileReference; explicitFileType = wrapper.application; includeInIndex = 0; path = NewsApp.app; sourceTree = BUILT_PRODUCTS_DIR; };
		D5DC45CD217DDE9B00709CD2 /* AppDelegate.swift */ = {isa = PBXFileReference; lastKnownFileType = sourcecode.swift; path = AppDelegate.swift; sourceTree = "<group>"; };
		D5DC45D4217DDE9C00709CD2 /* Assets.xcassets */ = {isa = PBXFileReference; lastKnownFileType = folder.assetcatalog; path = Assets.xcassets; sourceTree = "<group>"; };
		D5DC45D7217DDE9C00709CD2 /* Base */ = {isa = PBXFileReference; lastKnownFileType = file.storyboard; name = Base; path = Base.lproj/LaunchScreen.storyboard; sourceTree = "<group>"; };
		D5DC45D9217DDE9C00709CD2 /* Info.plist */ = {isa = PBXFileReference; lastKnownFileType = text.plist.xml; path = Info.plist; sourceTree = "<group>"; };
		D5DC45DE217DDE9D00709CD2 /* NewsAppTests.xctest */ = {isa = PBXFileReference; explicitFileType = wrapper.cfbundle; includeInIndex = 0; path = NewsAppTests.xctest; sourceTree = BUILT_PRODUCTS_DIR; };
		D5DC45E2217DDE9D00709CD2 /* NewsAppTests.swift */ = {isa = PBXFileReference; lastKnownFileType = sourcecode.swift; path = NewsAppTests.swift; sourceTree = "<group>"; };
		D5DC45E4217DDE9D00709CD2 /* Info.plist */ = {isa = PBXFileReference; lastKnownFileType = text.plist.xml; path = Info.plist; sourceTree = "<group>"; };
		D5DC45ED217DE07C00709CD2 /* MainViewController.swift */ = {isa = PBXFileReference; lastKnownFileType = sourcecode.swift; path = MainViewController.swift; sourceTree = "<group>"; };
		D5DC45F1217DE10500709CD2 /* TableViewCell.swift */ = {isa = PBXFileReference; lastKnownFileType = sourcecode.swift; path = TableViewCell.swift; sourceTree = "<group>"; };
		D5DC45F3217DEE2D00709CD2 /* MainPresenter.swift */ = {isa = PBXFileReference; lastKnownFileType = sourcecode.swift; path = MainPresenter.swift; sourceTree = "<group>"; };
		D5DC45F5217DEE4400709CD2 /* MainPresenterImpl.swift */ = {isa = PBXFileReference; lastKnownFileType = sourcecode.swift; path = MainPresenterImpl.swift; sourceTree = "<group>"; };
		D5DC45F9217DEE8700709CD2 /* MainView.swift */ = {isa = PBXFileReference; lastKnownFileType = sourcecode.swift; path = MainView.swift; sourceTree = "<group>"; };
		D5DC45FC217DF13300709CD2 /* Article.swift */ = {isa = PBXFileReference; lastKnownFileType = sourcecode.swift; path = Article.swift; sourceTree = "<group>"; };
/* End PBXFileReference section */

/* Begin PBXFrameworksBuildPhase section */
		D5DC45C7217DDE9B00709CD2 /* Frameworks */ = {
			isa = PBXFrameworksBuildPhase;
			buildActionMask = 2147483647;
			files = (
			);
			runOnlyForDeploymentPostprocessing = 0;
		};
		D5DC45DB217DDE9D00709CD2 /* Frameworks */ = {
			isa = PBXFrameworksBuildPhase;
			buildActionMask = 2147483647;
			files = (
			);
			runOnlyForDeploymentPostprocessing = 0;
		};
/* End PBXFrameworksBuildPhase section */

/* Begin PBXGroup section */
		D530E71C217F00E000D3FE1C /* Networking */ = {
			isa = PBXGroup;
			children = (
				D530E71A217F008900D3FE1C /* Interactor.swift */,
				D530E721217F082A00D3FE1C /* ResponseListener.swift */,
			);
			path = Networking;
			sourceTree = "<group>";
		};
		D530E723217F477800D3FE1C /* MainScreen */ = {
			isa = PBXGroup;
			children = (
				D5DC45F8217DEE6800709CD2 /* Presenter */,
				D5DC45F7217DEE4D00709CD2 /* View */,
				D5DC45FE217DF4ED00709CD2 /* CustomCells */,
			);
			path = MainScreen;
			sourceTree = "<group>";
		};
		D530E724217F487900D3FE1C /* SingleNews */ = {
			isa = PBXGroup;
			children = (
			);
			path = SingleNews;
			sourceTree = "<group>";
		};
		D5DC45C1217DDE9B00709CD2 = {
			isa = PBXGroup;
			children = (
				D5DC45CC217DDE9B00709CD2 /* NewsApp */,
				D5DC45E1217DDE9D00709CD2 /* NewsAppTests */,
				D5DC45CB217DDE9B00709CD2 /* Products */,
			);
			sourceTree = "<group>";
		};
		D5DC45CB217DDE9B00709CD2 /* Products */ = {
			isa = PBXGroup;
			children = (
				D5DC45CA217DDE9B00709CD2 /* NewsApp.app */,
				D5DC45DE217DDE9D00709CD2 /* NewsAppTests.xctest */,
			);
			name = Products;
			sourceTree = "<group>";
		};
		D5DC45CC217DDE9B00709CD2 /* NewsApp */ = {
			isa = PBXGroup;
			children = (
				D530E724217F487900D3FE1C /* SingleNews */,
				D530E723217F477800D3FE1C /* MainScreen */,
				D530E71C217F00E000D3FE1C /* Networking */,
				D5DC45FB217DF12600709CD2 /* Model */,
				D5DC45CD217DDE9B00709CD2 /* AppDelegate.swift */,
				D5DC45D4217DDE9C00709CD2 /* Assets.xcassets */,
				D5DC45D6217DDE9C00709CD2 /* LaunchScreen.storyboard */,
				D5DC45D9217DDE9C00709CD2 /* Info.plist */,
			);
			path = NewsApp;
			sourceTree = "<group>";
		};
		D5DC45E1217DDE9D00709CD2 /* NewsAppTests */ = {
			isa = PBXGroup;
			children = (
				D5DC45E2217DDE9D00709CD2 /* NewsAppTests.swift */,
				D5DC45E4217DDE9D00709CD2 /* Info.plist */,
			);
			path = NewsAppTests;
			sourceTree = "<group>";
		};
		D5DC45F7217DEE4D00709CD2 /* View */ = {
			isa = PBXGroup;
			children = (
				D5DC45ED217DE07C00709CD2 /* MainViewController.swift */,
				D5DC45F9217DEE8700709CD2 /* MainView.swift */,
			);
			path = View;
			sourceTree = "<group>";
		};
		D5DC45F8217DEE6800709CD2 /* Presenter */ = {
			isa = PBXGroup;
			children = (
				D5DC45F5217DEE4400709CD2 /* MainPresenterImpl.swift */,
				D5DC45F3217DEE2D00709CD2 /* MainPresenter.swift */,
			);
			path = Presenter;
			sourceTree = "<group>";
		};
		D5DC45FB217DF12600709CD2 /* Model */ = {
			isa = PBXGroup;
			children = (
				D5DC45FC217DF13300709CD2 /* Article.swift */,
			);
			path = Model;
			sourceTree = "<group>";
		};
		D5DC45FE217DF4ED00709CD2 /* CustomCells */ = {
			isa = PBXGroup;
			children = (
				D5DC45F1217DE10500709CD2 /* TableViewCell.swift */,
			);
			path = CustomCells;
			sourceTree = "<group>";
		};
/* End PBXGroup section */

/* Begin PBXNativeTarget section */
		D5DC45C9217DDE9B00709CD2 /* NewsApp */ = {
			isa = PBXNativeTarget;
			buildConfigurationList = D5DC45E7217DDE9D00709CD2 /* Build configuration list for PBXNativeTarget "NewsApp" */;
			buildPhases = (
				D5DC45C6217DDE9B00709CD2 /* Sources */,
				D5DC45C7217DDE9B00709CD2 /* Frameworks */,
				D5DC45C8217DDE9B00709CD2 /* Resources */,
			);
			buildRules = (
			);
			dependencies = (
			);
			name = NewsApp;
			productName = NewsApp;
			productReference = D5DC45CA217DDE9B00709CD2 /* NewsApp.app */;
			productType = "com.apple.product-type.application";
		};
		D5DC45DD217DDE9D00709CD2 /* NewsAppTests */ = {
			isa = PBXNativeTarget;
			buildConfigurationList = D5DC45EA217DDE9D00709CD2 /* Build configuration list for PBXNativeTarget "NewsAppTests" */;
			buildPhases = (
				D5DC45DA217DDE9D00709CD2 /* Sources */,
				D5DC45DB217DDE9D00709CD2 /* Frameworks */,
				D5DC45DC217DDE9D00709CD2 /* Resources */,
			);
			buildRules = (
			);
			dependencies = (
				D5DC45E0217DDE9D00709CD2 /* PBXTargetDependency */,
			);
			name = NewsAppTests;
			productName = NewsAppTests;
			productReference = D5DC45DE217DDE9D00709CD2 /* NewsAppTests.xctest */;
			productType = "com.apple.product-type.bundle.unit-test";
		};
/* End PBXNativeTarget section */

/* Begin PBXProject section */
		D5DC45C2217DDE9B00709CD2 /* Project object */ = {
			isa = PBXProject;
			attributes = {
				LastSwiftUpdateCheck = 0940;
				LastUpgradeCheck = 0940;
				ORGANIZATIONNAME = "Valentin Šarić";
				TargetAttributes = {
					D5DC45C9217DDE9B00709CD2 = {
						CreatedOnToolsVersion = 9.4.1;
					};
					D5DC45DD217DDE9D00709CD2 = {
						CreatedOnToolsVersion = 9.4.1;
						TestTargetID = D5DC45C9217DDE9B00709CD2;
					};
				};
			};
			buildConfigurationList = D5DC45C5217DDE9B00709CD2 /* Build configuration list for PBXProject "NewsApp" */;
			compatibilityVersion = "Xcode 9.3";
			developmentRegion = en;
			hasScannedForEncodings = 0;
			knownRegions = (
				en,
				Base,
			);
			mainGroup = D5DC45C1217DDE9B00709CD2;
			productRefGroup = D5DC45CB217DDE9B00709CD2 /* Products */;
			projectDirPath = "";
			projectRoot = "";
			targets = (
				D5DC45C9217DDE9B00709CD2 /* NewsApp */,
				D5DC45DD217DDE9D00709CD2 /* NewsAppTests */,
			);
		};
/* End PBXProject section */

/* Begin PBXResourcesBuildPhase section */
		D5DC45C8217DDE9B00709CD2 /* Resources */ = {
			isa = PBXResourcesBuildPhase;
			buildActionMask = 2147483647;
			files = (
				D5DC45D8217DDE9C00709CD2 /* LaunchScreen.storyboard in Resources */,
				D5DC45D5217DDE9C00709CD2 /* Assets.xcassets in Resources */,
			);
			runOnlyForDeploymentPostprocessing = 0;
		};
		D5DC45DC217DDE9D00709CD2 /* Resources */ = {
			isa = PBXResourcesBuildPhase;
			buildActionMask = 2147483647;
			files = (
			);
			runOnlyForDeploymentPostprocessing = 0;
		};
/* End PBXResourcesBuildPhase section */

/* Begin PBXSourcesBuildPhase section */
		D5DC45C6217DDE9B00709CD2 /* Sources */ = {
			isa = PBXSourcesBuildPhase;
			buildActionMask = 2147483647;
			files = (
				D5DC45F4217DEE2D00709CD2 /* MainPresenter.swift in Sources */,
				D530E722217F082A00D3FE1C /* ResponseListener.swift in Sources */,
				D5DC45FA217DEE8700709CD2 /* MainView.swift in Sources */,
				D5DC45FD217DF13300709CD2 /* Article.swift in Sources */,
				D5DC45EE217DE07C00709CD2 /* MainViewController.swift in Sources */,
				D5DC45F2217DE10500709CD2 /* TableViewCell.swift in Sources */,
				D5DC45CE217DDE9B00709CD2 /* AppDelegate.swift in Sources */,
				D530E71B217F008900D3FE1C /* Interactor.swift in Sources */,
				D5DC45F6217DEE4400709CD2 /* MainPresenterImpl.swift in Sources */,
			);
			runOnlyForDeploymentPostprocessing = 0;
		};
		D5DC45DA217DDE9D00709CD2 /* Sources */ = {
			isa = PBXSourcesBuildPhase;
			buildActionMask = 2147483647;
			files = (
				D5DC45E3217DDE9D00709CD2 /* NewsAppTests.swift in Sources */,
			);
			runOnlyForDeploymentPostprocessing = 0;
		};
/* End PBXSourcesBuildPhase section */

/* Begin PBXTargetDependency section */
		D5DC45E0217DDE9D00709CD2 /* PBXTargetDependency */ = {
			isa = PBXTargetDependency;
			target = D5DC45C9217DDE9B00709CD2 /* NewsApp */;
			targetProxy = D5DC45DF217DDE9D00709CD2 /* PBXContainerItemProxy */;
		};
/* End PBXTargetDependency section */

/* Begin PBXVariantGroup section */
		D5DC45D6217DDE9C00709CD2 /* LaunchScreen.storyboard */ = {
			isa = PBXVariantGroup;
			children = (
				D5DC45D7217DDE9C00709CD2 /* Base */,
			);
			name = LaunchScreen.storyboard;
			sourceTree = "<group>";
		};
/* End PBXVariantGroup section */

/* Begin XCBuildConfiguration section */
		D5DC45E5217DDE9D00709CD2 /* Debug */ = {
			isa = XCBuildConfiguration;
			buildSettings = {
				ALWAYS_SEARCH_USER_PATHS = NO;
				CLANG_ANALYZER_NONNULL = YES;
				CLANG_ANALYZER_NUMBER_OBJECT_CONVERSION = YES_AGGRESSIVE;
				CLANG_CXX_LANGUAGE_STANDARD = "gnu++14";
				CLANG_CXX_LIBRARY = "libc++";
				CLANG_ENABLE_MODULES = YES;
				CLANG_ENABLE_OBJC_ARC = YES;
				CLANG_ENABLE_OBJC_WEAK = YES;
				CLANG_WARN_BLOCK_CAPTURE_AUTORELEASING = YES;
				CLANG_WARN_BOOL_CONVERSION = YES;
				CLANG_WARN_COMMA = YES;
				CLANG_WARN_CONSTANT_CONVERSION = YES;
				CLANG_WARN_DEPRECATED_OBJC_IMPLEMENTATIONS = YES;
				CLANG_WARN_DIRECT_OBJC_ISA_USAGE = YES_ERROR;
				CLANG_WARN_DOCUMENTATION_COMMENTS = YES;
				CLANG_WARN_EMPTY_BODY = YES;
				CLANG_WARN_ENUM_CONVERSION = YES;
				CLANG_WARN_INFINITE_RECURSION = YES;
				CLANG_WARN_INT_CONVERSION = YES;
				CLANG_WARN_NON_LITERAL_NULL_CONVERSION = YES;
				CLANG_WARN_OBJC_IMPLICIT_RETAIN_SELF = YES;
				CLANG_WARN_OBJC_LITERAL_CONVERSION = YES;
				CLANG_WARN_OBJC_ROOT_CLASS = YES_ERROR;
				CLANG_WARN_RANGE_LOOP_ANALYSIS = YES;
				CLANG_WARN_STRICT_PROTOTYPES = YES;
				CLANG_WARN_SUSPICIOUS_MOVE = YES;
				CLANG_WARN_UNGUARDED_AVAILABILITY = YES_AGGRESSIVE;
				CLANG_WARN_UNREACHABLE_CODE = YES;
				CLANG_WARN__DUPLICATE_METHOD_MATCH = YES;
				CODE_SIGN_IDENTITY = "iPhone Developer";
				COPY_PHASE_STRIP = NO;
				DEBUG_INFORMATION_FORMAT = dwarf;
				ENABLE_STRICT_OBJC_MSGSEND = YES;
				ENABLE_TESTABILITY = YES;
				GCC_C_LANGUAGE_STANDARD = gnu11;
				GCC_DYNAMIC_NO_PIC = NO;
				GCC_NO_COMMON_BLOCKS = YES;
				GCC_OPTIMIZATION_LEVEL = 0;
				GCC_PREPROCESSOR_DEFINITIONS = (
					"DEBUG=1",
					"$(inherited)",
				);
				GCC_WARN_64_TO_32_BIT_CONVERSION = YES;
				GCC_WARN_ABOUT_RETURN_TYPE = YES_ERROR;
				GCC_WARN_UNDECLARED_SELECTOR = YES;
				GCC_WARN_UNINITIALIZED_AUTOS = YES_AGGRESSIVE;
				GCC_WARN_UNUSED_FUNCTION = YES;
				GCC_WARN_UNUSED_VARIABLE = YES;
				IPHONEOS_DEPLOYMENT_TARGET = 11.4;
				MTL_ENABLE_DEBUG_INFO = YES;
				ONLY_ACTIVE_ARCH = YES;
				SDKROOT = iphoneos;
				SWIFT_ACTIVE_COMPILATION_CONDITIONS = DEBUG;
				SWIFT_OPTIMIZATION_LEVEL = "-Onone";
			};
			name = Debug;
		};
		D5DC45E6217DDE9D00709CD2 /* Release */ = {
			isa = XCBuildConfiguration;
			buildSettings = {
				ALWAYS_SEARCH_USER_PATHS = NO;
				CLANG_ANALYZER_NONNULL = YES;
				CLANG_ANALYZER_NUMBER_OBJECT_CONVERSION = YES_AGGRESSIVE;
				CLANG_CXX_LANGUAGE_STANDARD = "gnu++14";
				CLANG_CXX_LIBRARY = "libc++";
				CLANG_ENABLE_MODULES = YES;
				CLANG_ENABLE_OBJC_ARC = YES;
				CLANG_ENABLE_OBJC_WEAK = YES;
				CLANG_WARN_BLOCK_CAPTURE_AUTORELEASING = YES;
				CLANG_WARN_BOOL_CONVERSION = YES;
				CLANG_WARN_COMMA = YES;
				CLANG_WARN_CONSTANT_CONVERSION = YES;
				CLANG_WARN_DEPRECATED_OBJC_IMPLEMENTATIONS = YES;
				CLANG_WARN_DIRECT_OBJC_ISA_USAGE = YES_ERROR;
				CLANG_WARN_DOCUMENTATION_COMMENTS = YES;
				CLANG_WARN_EMPTY_BODY = YES;
				CLANG_WARN_ENUM_CONVERSION = YES;
				CLANG_WARN_INFINITE_RECURSION = YES;
				CLANG_WARN_INT_CONVERSION = YES;
				CLANG_WARN_NON_LITERAL_NULL_CONVERSION = YES;
				CLANG_WARN_OBJC_IMPLICIT_RETAIN_SELF = YES;
				CLANG_WARN_OBJC_LITERAL_CONVERSION = YES;
				CLANG_WARN_OBJC_ROOT_CLASS = YES_ERROR;
				CLANG_WARN_RANGE_LOOP_ANALYSIS = YES;
				CLANG_WARN_STRICT_PROTOTYPES = YES;
				CLANG_WARN_SUSPICIOUS_MOVE = YES;
				CLANG_WARN_UNGUARDED_AVAILABILITY = YES_AGGRESSIVE;
				CLANG_WARN_UNREACHABLE_CODE = YES;
				CLANG_WARN__DUPLICATE_METHOD_MATCH = YES;
				CODE_SIGN_IDENTITY = "iPhone Developer";
				COPY_PHASE_STRIP = NO;
				DEBUG_INFORMATION_FORMAT = "dwarf-with-dsym";
				ENABLE_NS_ASSERTIONS = NO;
				ENABLE_STRICT_OBJC_MSGSEND = YES;
				GCC_C_LANGUAGE_STANDARD = gnu11;
				GCC_NO_COMMON_BLOCKS = YES;
				GCC_WARN_64_TO_32_BIT_CONVERSION = YES;
				GCC_WARN_ABOUT_RETURN_TYPE = YES_ERROR;
				GCC_WARN_UNDECLARED_SELECTOR = YES;
				GCC_WARN_UNINITIALIZED_AUTOS = YES_AGGRESSIVE;
				GCC_WARN_UNUSED_FUNCTION = YES;
				GCC_WARN_UNUSED_VARIABLE = YES;
				IPHONEOS_DEPLOYMENT_TARGET = 11.4;
				MTL_ENABLE_DEBUG_INFO = NO;
				SDKROOT = iphoneos;
				SWIFT_COMPILATION_MODE = wholemodule;
				SWIFT_OPTIMIZATION_LEVEL = "-O";
				VALIDATE_PRODUCT = YES;
			};
			name = Release;
		};
		D5DC45E8217DDE9D00709CD2 /* Debug */ = {
			isa = XCBuildConfiguration;
			buildSettings = {
				ASSETCATALOG_COMPILER_APPICON_NAME = AppIcon;
				CODE_SIGN_STYLE = Automatic;
				INFOPLIST_FILE = NewsApp/Info.plist;
				LD_RUNPATH_SEARCH_PATHS = (
					"$(inherited)",
					"@executable_path/Frameworks",
				);
				PRODUCT_BUNDLE_IDENTIFIER = plava.tvornica.NewsApp;
				PRODUCT_NAME = "$(TARGET_NAME)";
				SWIFT_VERSION = 4.0;
				TARGETED_DEVICE_FAMILY = "1,2";
			};
			name = Debug;
		};
		D5DC45E9217DDE9D00709CD2 /* Release */ = {
			isa = XCBuildConfiguration;
			buildSettings = {
				ASSETCATALOG_COMPILER_APPICON_NAME = AppIcon;
				CODE_SIGN_STYLE = Automatic;
				INFOPLIST_FILE = NewsApp/Info.plist;
				LD_RUNPATH_SEARCH_PATHS = (
					"$(inherited)",
					"@executable_path/Frameworks",
				);
				PRODUCT_BUNDLE_IDENTIFIER = plava.tvornica.NewsApp;
				PRODUCT_NAME = "$(TARGET_NAME)";
				SWIFT_VERSION = 4.0;
				TARGETED_DEVICE_FAMILY = "1,2";
			};
			name = Release;
		};
		D5DC45EB217DDE9D00709CD2 /* Debug */ = {
			isa = XCBuildConfiguration;
			buildSettings = {
				ALWAYS_EMBED_SWIFT_STANDARD_LIBRARIES = YES;
				BUNDLE_LOADER = "$(TEST_HOST)";
				CODE_SIGN_STYLE = Automatic;
				INFOPLIST_FILE = NewsAppTests/Info.plist;
				LD_RUNPATH_SEARCH_PATHS = (
					"$(inherited)",
					"@executable_path/Frameworks",
					"@loader_path/Frameworks",
				);
				PRODUCT_BUNDLE_IDENTIFIER = plava.tvornica.NewsAppTests;
				PRODUCT_NAME = "$(TARGET_NAME)";
				SWIFT_VERSION = 4.0;
				TARGETED_DEVICE_FAMILY = "1,2";
				TEST_HOST = "$(BUILT_PRODUCTS_DIR)/NewsApp.app/NewsApp";
			};
			name = Debug;
		};
		D5DC45EC217DDE9D00709CD2 /* Release */ = {
			isa = XCBuildConfiguration;
			buildSettings = {
				ALWAYS_EMBED_SWIFT_STANDARD_LIBRARIES = YES;
				BUNDLE_LOADER = "$(TEST_HOST)";
				CODE_SIGN_STYLE = Automatic;
				INFOPLIST_FILE = NewsAppTests/Info.plist;
				LD_RUNPATH_SEARCH_PATHS = (
					"$(inherited)",
					"@executable_path/Frameworks",
					"@loader_path/Frameworks",
				);
				PRODUCT_BUNDLE_IDENTIFIER = plava.tvornica.NewsAppTests;
				PRODUCT_NAME = "$(TARGET_NAME)";
				SWIFT_VERSION = 4.0;
				TARGETED_DEVICE_FAMILY = "1,2";
				TEST_HOST = "$(BUILT_PRODUCTS_DIR)/NewsApp.app/NewsApp";
			};
			name = Release;
		};
/* End XCBuildConfiguration section */

/* Begin XCConfigurationList section */
		D5DC45C5217DDE9B00709CD2 /* Build configuration list for PBXProject "NewsApp" */ = {
			isa = XCConfigurationList;
			buildConfigurations = (
				D5DC45E5217DDE9D00709CD2 /* Debug */,
				D5DC45E6217DDE9D00709CD2 /* Release */,
			);
			defaultConfigurationIsVisible = 0;
			defaultConfigurationName = Release;
		};
		D5DC45E7217DDE9D00709CD2 /* Build configuration list for PBXNativeTarget "NewsApp" */ = {
			isa = XCConfigurationList;
			buildConfigurations = (
				D5DC45E8217DDE9D00709CD2 /* Debug */,
				D5DC45E9217DDE9D00709CD2 /* Release */,
			);
			defaultConfigurationIsVisible = 0;
			defaultConfigurationName = Release;
		};
		D5DC45EA217DDE9D00709CD2 /* Build configuration list for PBXNativeTarget "NewsAppTests" */ = {
			isa = XCConfigurationList;
			buildConfigurations = (
				D5DC45EB217DDE9D00709CD2 /* Debug */,
				D5DC45EC217DDE9D00709CD2 /* Release */,
			);
			defaultConfigurationIsVisible = 0;
			defaultConfigurationName = Release;
		};
/* End XCConfigurationList section */
	};
	rootObject = D5DC45C2217DDE9B00709CD2 /* Project object */;
}
