// !$*UTF8*$!
{
	archiveVersion = 1;
	classes = {
	};
	objectVersion = 50;
	objects = {

/* Begin PBXBuildFile section */
		873C13C5479C7C2BA2500F30 /* Pods_NewsApp.framework in Frameworks */ = {isa = PBXBuildFile; fileRef = 667DD8CE9ACE9625E92B4BD8 /* Pods_NewsApp.framework */; };
		CEA45E86419166B42CDF91E2 /* Pods_NewsAppTests.framework in Frameworks */ = {isa = PBXBuildFile; fileRef = F602B7E09CFDD980483B021E /* Pods_NewsAppTests.framework */; };
		D530E71B217F008900D3FE1C /* Interactor.swift in Sources */ = {isa = PBXBuildFile; fileRef = D530E71A217F008900D3FE1C /* Interactor.swift */; };
		D530E727217F4A4700D3FE1C /* SingleViewController.swift in Sources */ = {isa = PBXBuildFile; fileRef = D530E726217F4A4600D3FE1C /* SingleViewController.swift */; };
		D530E72A217F52E000D3FE1C /* Common.swift in Sources */ = {isa = PBXBuildFile; fileRef = D530E729217F52E000D3FE1C /* Common.swift */; };
		D5455C0A2180467E0006DA1F /* ArticleRepository.swift in Sources */ = {isa = PBXBuildFile; fileRef = D5455C092180467E0006DA1F /* ArticleRepository.swift */; };
		D57122D42194226300EE0EA7 /* SingleViewModelProtocol.swift in Sources */ = {isa = PBXBuildFile; fileRef = D57122D22194226300EE0EA7 /* SingleViewModelProtocol.swift */; };
		D57122D52194226300EE0EA7 /* SingleViewModel.swift in Sources */ = {isa = PBXBuildFile; fileRef = D57122D32194226300EE0EA7 /* SingleViewModel.swift */; };
		D57D6216219DB34300A8479F /* FavoritesViewModelTests.swift in Sources */ = {isa = PBXBuildFile; fileRef = D57D6215219DB34300A8479F /* FavoritesViewModelTests.swift */; };
		D57DC7B82192CE4500086423 /* FavoritesCoordinator.swift in Sources */ = {isa = PBXBuildFile; fileRef = D57DC7B72192CE4500086423 /* FavoritesCoordinator.swift */; };
		D57DC7BA2192D81500086423 /* SingleCoordinator.swift in Sources */ = {isa = PBXBuildFile; fileRef = D57DC7B92192D81500086423 /* SingleCoordinator.swift */; };
		D597C5CD2191C10B00E433BC /* AppCoordinator.swift in Sources */ = {isa = PBXBuildFile; fileRef = D597C5CC2191C10B00E433BC /* AppCoordinator.swift */; };
		D597C5CF2191C18A00E433BC /* Coordinator.swift in Sources */ = {isa = PBXBuildFile; fileRef = D597C5CE2191C18A00E433BC /* Coordinator.swift */; };
		D597C5D12191C1B100E433BC /* CoordinatorDelegate.swift in Sources */ = {isa = PBXBuildFile; fileRef = D597C5D02191C1B100E433BC /* CoordinatorDelegate.swift */; };
		D597C5D52191DAF900E433BC /* TabBarCoordinator.swift in Sources */ = {isa = PBXBuildFile; fileRef = D597C5D42191DAF900E433BC /* TabBarCoordinator.swift */; };
		D597C5D72191E47700E433BC /* MainScreenCoordinator.swift in Sources */ = {isa = PBXBuildFile; fileRef = D597C5D62191E47700E433BC /* MainScreenCoordinator.swift */; };
		D597C5DB2191E7B000E433BC /* SingleScreenCoordinatorDelegate.swift in Sources */ = {isa = PBXBuildFile; fileRef = D597C5DA2191E7B000E433BC /* SingleScreenCoordinatorDelegate.swift */; };
		D5A11F63218C54ED00450E38 /* ArticleRepositoryProtocol.swift in Sources */ = {isa = PBXBuildFile; fileRef = D5A11F62218C54ED00450E38 /* ArticleRepositoryProtocol.swift */; };
		D5A2E6DB2189DABE00195919 /* FavoritesViewController.swift in Sources */ = {isa = PBXBuildFile; fileRef = D5A2E6DA2189DABE00195919 /* FavoritesViewController.swift */; };
		D5A2E6DD2189DB6000195919 /* FavoritesViewModel.swift in Sources */ = {isa = PBXBuildFile; fileRef = D5A2E6DC2189DB6000195919 /* FavoritesViewModel.swift */; };
		D5A2E6DF2189DBA400195919 /* FavoritesViewModelProtocol.swift in Sources */ = {isa = PBXBuildFile; fileRef = D5A2E6DE2189DBA400195919 /* FavoritesViewModelProtocol.swift */; };
		D5DC45CE217DDE9B00709CD2 /* AppDelegate.swift in Sources */ = {isa = PBXBuildFile; fileRef = D5DC45CD217DDE9B00709CD2 /* AppDelegate.swift */; };
		D5DC45D5217DDE9C00709CD2 /* Assets.xcassets in Resources */ = {isa = PBXBuildFile; fileRef = D5DC45D4217DDE9C00709CD2 /* Assets.xcassets */; };
		D5DC45E3217DDE9D00709CD2 /* MainViewModelTests.swift in Sources */ = {isa = PBXBuildFile; fileRef = D5DC45E2217DDE9D00709CD2 /* MainViewModelTests.swift */; };
		D5DC45EE217DE07C00709CD2 /* MainViewController.swift in Sources */ = {isa = PBXBuildFile; fileRef = D5DC45ED217DE07C00709CD2 /* MainViewController.swift */; };
		D5DC45F2217DE10500709CD2 /* TableViewCell.swift in Sources */ = {isa = PBXBuildFile; fileRef = D5DC45F1217DE10500709CD2 /* TableViewCell.swift */; };
		D5DC45F4217DEE2D00709CD2 /* MainViewModelProtocol.swift in Sources */ = {isa = PBXBuildFile; fileRef = D5DC45F3217DEE2D00709CD2 /* MainViewModelProtocol.swift */; };
		D5DC45F6217DEE4400709CD2 /* MainViewModel.swift in Sources */ = {isa = PBXBuildFile; fileRef = D5DC45F5217DEE4400709CD2 /* MainViewModel.swift */; };
		D5DC45FD217DF13300709CD2 /* Article.swift in Sources */ = {isa = PBXBuildFile; fileRef = D5DC45FC217DF13300709CD2 /* Article.swift */; };
		D5EA7B05219AE69200AB134F /* GeneratedMocks.swift in Sources */ = {isa = PBXBuildFile; fileRef = D5EA7B04219AE69200AB134F /* GeneratedMocks.swift */; };
/* End PBXBuildFile section */

/* Begin PBXContainerItemProxy section */
		D5DC45DF217DDE9D00709CD2 /* PBXContainerItemProxy */ = {
			isa = PBXContainerItemProxy;
			containerPortal = D5DC45C2217DDE9B00709CD2 /* Project object */;
			proxyType = 1;
			remoteGlobalIDString = D5DC45C9217DDE9B00709CD2;
			remoteInfo = NewsApp;
		};
/* End PBXContainerItemProxy section */

/* Begin PBXFileReference section */
		184CFBC2BFBFE1EB669588C2 /* Pods-NewsApp.release.xcconfig */ = {isa = PBXFileReference; includeInIndex = 1; lastKnownFileType = text.xcconfig; name = "Pods-NewsApp.release.xcconfig"; path = "Pods/Target Support Files/Pods-NewsApp/Pods-NewsApp.release.xcconfig"; sourceTree = "<group>"; };
		667DD8CE9ACE9625E92B4BD8 /* Pods_NewsApp.framework */ = {isa = PBXFileReference; explicitFileType = wrapper.framework; includeInIndex = 0; path = Pods_NewsApp.framework; sourceTree = BUILT_PRODUCTS_DIR; };
		7F6DFE7782E5AAC6348ECF39 /* Pods-NewsAppTests.debug.xcconfig */ = {isa = PBXFileReference; includeInIndex = 1; lastKnownFileType = text.xcconfig; name = "Pods-NewsAppTests.debug.xcconfig"; path = "Pods/Target Support Files/Pods-NewsAppTests/Pods-NewsAppTests.debug.xcconfig"; sourceTree = "<group>"; };
		D530E71A217F008900D3FE1C /* Interactor.swift */ = {isa = PBXFileReference; lastKnownFileType = sourcecode.swift; path = Interactor.swift; sourceTree = "<group>"; };
		D530E726217F4A4600D3FE1C /* SingleViewController.swift */ = {isa = PBXFileReference; lastKnownFileType = sourcecode.swift; path = SingleViewController.swift; sourceTree = "<group>"; };
		D530E729217F52E000D3FE1C /* Common.swift */ = {isa = PBXFileReference; lastKnownFileType = sourcecode.swift; path = Common.swift; sourceTree = "<group>"; };
		D5455C092180467E0006DA1F /* ArticleRepository.swift */ = {isa = PBXFileReference; lastKnownFileType = sourcecode.swift; path = ArticleRepository.swift; sourceTree = "<group>"; };
		D57122D22194226300EE0EA7 /* SingleViewModelProtocol.swift */ = {isa = PBXFileReference; fileEncoding = 4; lastKnownFileType = sourcecode.swift; name = SingleViewModelProtocol.swift; path = NewsApp/SingleNews/ViewModel/SingleViewModelProtocol.swift; sourceTree = SOURCE_ROOT; };
		D57122D32194226300EE0EA7 /* SingleViewModel.swift */ = {isa = PBXFileReference; fileEncoding = 4; lastKnownFileType = sourcecode.swift; name = SingleViewModel.swift; path = NewsApp/SingleNews/ViewModel/SingleViewModel.swift; sourceTree = SOURCE_ROOT; };
		D57D6215219DB34300A8479F /* FavoritesViewModelTests.swift */ = {isa = PBXFileReference; lastKnownFileType = sourcecode.swift; path = FavoritesViewModelTests.swift; sourceTree = "<group>"; };
		D57DC7B72192CE4500086423 /* FavoritesCoordinator.swift */ = {isa = PBXFileReference; lastKnownFileType = sourcecode.swift; path = FavoritesCoordinator.swift; sourceTree = "<group>"; };
		D57DC7B92192D81500086423 /* SingleCoordinator.swift */ = {isa = PBXFileReference; lastKnownFileType = sourcecode.swift; path = SingleCoordinator.swift; sourceTree = "<group>"; };
		D597C5CC2191C10B00E433BC /* AppCoordinator.swift */ = {isa = PBXFileReference; lastKnownFileType = sourcecode.swift; path = AppCoordinator.swift; sourceTree = "<group>"; };
		D597C5CE2191C18A00E433BC /* Coordinator.swift */ = {isa = PBXFileReference; lastKnownFileType = sourcecode.swift; path = Coordinator.swift; sourceTree = "<group>"; };
		D597C5D02191C1B100E433BC /* CoordinatorDelegate.swift */ = {isa = PBXFileReference; lastKnownFileType = sourcecode.swift; path = CoordinatorDelegate.swift; sourceTree = "<group>"; };
		D597C5D42191DAF900E433BC /* TabBarCoordinator.swift */ = {isa = PBXFileReference; lastKnownFileType = sourcecode.swift; path = TabBarCoordinator.swift; sourceTree = "<group>"; };
		D597C5D62191E47700E433BC /* MainScreenCoordinator.swift */ = {isa = PBXFileReference; lastKnownFileType = sourcecode.swift; path = MainScreenCoordinator.swift; sourceTree = "<group>"; };
		D597C5DA2191E7B000E433BC /* SingleScreenCoordinatorDelegate.swift */ = {isa = PBXFileReference; lastKnownFileType = sourcecode.swift; path = SingleScreenCoordinatorDelegate.swift; sourceTree = "<group>"; };
		D5A11F62218C54ED00450E38 /* ArticleRepositoryProtocol.swift */ = {isa = PBXFileReference; lastKnownFileType = sourcecode.swift; path = ArticleRepositoryProtocol.swift; sourceTree = "<group>"; };
		D5A2E6DA2189DABE00195919 /* FavoritesViewController.swift */ = {isa = PBXFileReference; lastKnownFileType = sourcecode.swift; path = FavoritesViewController.swift; sourceTree = "<group>"; };
		D5A2E6DC2189DB6000195919 /* FavoritesViewModel.swift */ = {isa = PBXFileReference; lastKnownFileType = sourcecode.swift; path = FavoritesViewModel.swift; sourceTree = "<group>"; };
		D5A2E6DE2189DBA400195919 /* FavoritesViewModelProtocol.swift */ = {isa = PBXFileReference; lastKnownFileType = sourcecode.swift; path = FavoritesViewModelProtocol.swift; sourceTree = "<group>"; };
		D5DC45CA217DDE9B00709CD2 /* NewsApp.app */ = {isa = PBXFileReference; explicitFileType = wrapper.application; includeInIndex = 0; path = NewsApp.app; sourceTree = BUILT_PRODUCTS_DIR; };
		D5DC45CD217DDE9B00709CD2 /* AppDelegate.swift */ = {isa = PBXFileReference; lastKnownFileType = sourcecode.swift; path = AppDelegate.swift; sourceTree = "<group>"; };
		D5DC45D4217DDE9C00709CD2 /* Assets.xcassets */ = {isa = PBXFileReference; lastKnownFileType = folder.assetcatalog; path = Assets.xcassets; sourceTree = "<group>"; };
		D5DC45D9217DDE9C00709CD2 /* Info.plist */ = {isa = PBXFileReference; lastKnownFileType = text.plist.xml; path = Info.plist; sourceTree = "<group>"; };
		D5DC45DE217DDE9D00709CD2 /* NewsAppTests.xctest */ = {isa = PBXFileReference; explicitFileType = wrapper.cfbundle; includeInIndex = 0; path = NewsAppTests.xctest; sourceTree = BUILT_PRODUCTS_DIR; };
		D5DC45E2217DDE9D00709CD2 /* MainViewModelTests.swift */ = {isa = PBXFileReference; lastKnownFileType = sourcecode.swift; path = MainViewModelTests.swift; sourceTree = "<group>"; };
		D5DC45E4217DDE9D00709CD2 /* Info.plist */ = {isa = PBXFileReference; lastKnownFileType = text.plist.xml; path = Info.plist; sourceTree = "<group>"; };
		D5DC45ED217DE07C00709CD2 /* MainViewController.swift */ = {isa = PBXFileReference; lastKnownFileType = sourcecode.swift; path = MainViewController.swift; sourceTree = "<group>"; };
		D5DC45F1217DE10500709CD2 /* TableViewCell.swift */ = {isa = PBXFileReference; lastKnownFileType = sourcecode.swift; path = TableViewCell.swift; sourceTree = "<group>"; };
		D5DC45F3217DEE2D00709CD2 /* MainViewModelProtocol.swift */ = {isa = PBXFileReference; lastKnownFileType = sourcecode.swift; path = MainViewModelProtocol.swift; sourceTree = "<group>"; };
		D5DC45F5217DEE4400709CD2 /* MainViewModel.swift */ = {isa = PBXFileReference; lastKnownFileType = sourcecode.swift; path = MainViewModel.swift; sourceTree = "<group>"; };
		D5DC45FC217DF13300709CD2 /* Article.swift */ = {isa = PBXFileReference; lastKnownFileType = sourcecode.swift; path = Article.swift; sourceTree = "<group>"; };
		D5EA7B04219AE69200AB134F /* GeneratedMocks.swift */ = {isa = PBXFileReference; fileEncoding = 4; lastKnownFileType = sourcecode.swift; path = GeneratedMocks.swift; sourceTree = "<group>"; };
		EA46E5EF8BD17BA9027059F5 /* Pods-NewsAppTests.release.xcconfig */ = {isa = PBXFileReference; includeInIndex = 1; lastKnownFileType = text.xcconfig; name = "Pods-NewsAppTests.release.xcconfig"; path = "Pods/Target Support Files/Pods-NewsAppTests/Pods-NewsAppTests.release.xcconfig"; sourceTree = "<group>"; };
		F602B7E09CFDD980483B021E /* Pods_NewsAppTests.framework */ = {isa = PBXFileReference; explicitFileType = wrapper.framework; includeInIndex = 0; path = Pods_NewsAppTests.framework; sourceTree = BUILT_PRODUCTS_DIR; };
		F9511EED1E9A96C4D6DD64BF /* Pods-NewsApp.debug.xcconfig */ = {isa = PBXFileReference; includeInIndex = 1; lastKnownFileType = text.xcconfig; name = "Pods-NewsApp.debug.xcconfig"; path = "Pods/Target Support Files/Pods-NewsApp/Pods-NewsApp.debug.xcconfig"; sourceTree = "<group>"; };
/* End PBXFileReference section */

/* Begin PBXFrameworksBuildPhase section */
		D5DC45C7217DDE9B00709CD2 /* Frameworks */ = {
			isa = PBXFrameworksBuildPhase;
			buildActionMask = 2147483647;
			files = (
				873C13C5479C7C2BA2500F30 /* Pods_NewsApp.framework in Frameworks */,
			);
			runOnlyForDeploymentPostprocessing = 0;
		};
		D5DC45DB217DDE9D00709CD2 /* Frameworks */ = {
			isa = PBXFrameworksBuildPhase;
			buildActionMask = 2147483647;
			files = (
				CEA45E86419166B42CDF91E2 /* Pods_NewsAppTests.framework in Frameworks */,
			);
			runOnlyForDeploymentPostprocessing = 0;
		};
/* End PBXFrameworksBuildPhase section */

/* Begin PBXGroup section */
		901545822B67823734FF7179 /* Frameworks */ = {
			isa = PBXGroup;
			children = (
				667DD8CE9ACE9625E92B4BD8 /* Pods_NewsApp.framework */,
				F602B7E09CFDD980483B021E /* Pods_NewsAppTests.framework */,
			);
			name = Frameworks;
			sourceTree = "<group>";
		};
		91C84A13190781A9AD5D52C1 /* Pods */ = {
			isa = PBXGroup;
			children = (
				F9511EED1E9A96C4D6DD64BF /* Pods-NewsApp.debug.xcconfig */,
				184CFBC2BFBFE1EB669588C2 /* Pods-NewsApp.release.xcconfig */,
				7F6DFE7782E5AAC6348ECF39 /* Pods-NewsAppTests.debug.xcconfig */,
				EA46E5EF8BD17BA9027059F5 /* Pods-NewsAppTests.release.xcconfig */,
			);
			name = Pods;
			sourceTree = "<group>";
		};
		D530E71C217F00E000D3FE1C /* Networking */ = {
			isa = PBXGroup;
			children = (
				D530E71A217F008900D3FE1C /* Interactor.swift */,
			);
			path = Networking;
			sourceTree = "<group>";
		};
		D530E723217F477800D3FE1C /* MainScreen */ = {
			isa = PBXGroup;
			children = (
				D5DC45F8217DEE6800709CD2 /* ViewModel */,
				D5DC45F7217DEE4D00709CD2 /* View */,
				D5DC45FE217DF4ED00709CD2 /* CustomCells */,
				D597C5D62191E47700E433BC /* MainScreenCoordinator.swift */,
			);
			path = MainScreen;
			sourceTree = "<group>";
		};
		D530E724217F487900D3FE1C /* SingleNews */ = {
			isa = PBXGroup;
			children = (
				D579F9C62188303A004D98A5 /* ViewModel */,
				D5455C00218038C90006DA1F /* View */,
				D57DC7B92192D81500086423 /* SingleCoordinator.swift */,
			);
			path = SingleNews;
			sourceTree = "<group>";
		};
		D530E728217F528F00D3FE1C /* Common */ = {
			isa = PBXGroup;
			children = (
				D530E729217F52E000D3FE1C /* Common.swift */,
			);
			path = Common;
			sourceTree = "<group>";
		};
		D5455C00218038C90006DA1F /* View */ = {
			isa = PBXGroup;
			children = (
				D530E726217F4A4600D3FE1C /* SingleViewController.swift */,
			);
			path = View;
			sourceTree = "<group>";
		};
		D5455C082180466E0006DA1F /* ArticleRepository */ = {
			isa = PBXGroup;
			children = (
				D5455C092180467E0006DA1F /* ArticleRepository.swift */,
				D5A11F62218C54ED00450E38 /* ArticleRepositoryProtocol.swift */,
			);
			path = ArticleRepository;
			sourceTree = "<group>";
		};
		D579F9C62188303A004D98A5 /* ViewModel */ = {
			isa = PBXGroup;
			children = (
				D57122D32194226300EE0EA7 /* SingleViewModel.swift */,
				D57122D22194226300EE0EA7 /* SingleViewModelProtocol.swift */,
			);
			name = ViewModel;
			path = "New Group";
			sourceTree = "<group>";
		};
		D57D6217219DB38E00A8479F /* MainViewModel */ = {
			isa = PBXGroup;
			children = (
				D5DC45E2217DDE9D00709CD2 /* MainViewModelTests.swift */,
			);
			path = MainViewModel;
			sourceTree = "<group>";
		};
		D57D6218219DB3AE00A8479F /* FavoritesViewModel */ = {
			isa = PBXGroup;
			children = (
				D57D6215219DB34300A8479F /* FavoritesViewModelTests.swift */,
			);
			path = FavoritesViewModel;
			sourceTree = "<group>";
		};
		D597C5CB2191C0ED00E433BC /* Coordinators */ = {
			isa = PBXGroup;
			children = (
				D597C5DA2191E7B000E433BC /* SingleScreenCoordinatorDelegate.swift */,
				D597C5CC2191C10B00E433BC /* AppCoordinator.swift */,
				D597C5CE2191C18A00E433BC /* Coordinator.swift */,
				D597C5D02191C1B100E433BC /* CoordinatorDelegate.swift */,
			);
			path = Coordinators;
			sourceTree = "<group>";
		};
		D5A11F5E218C3A4F00450E38 /* View */ = {
			isa = PBXGroup;
			children = (
				D5A2E6DA2189DABE00195919 /* FavoritesViewController.swift */,
			);
			path = View;
			sourceTree = "<group>";
		};
		D5A11F5F218C3A6F00450E38 /* ViewModel */ = {
			isa = PBXGroup;
			children = (
				D5A2E6DC2189DB6000195919 /* FavoritesViewModel.swift */,
				D5A2E6DE2189DBA400195919 /* FavoritesViewModelProtocol.swift */,
			);
			path = ViewModel;
			sourceTree = "<group>";
		};
		D5A2E6D92189DA9900195919 /* FavoritesScreen */ = {
			isa = PBXGroup;
			children = (
				D5A11F5F218C3A6F00450E38 /* ViewModel */,
				D5A11F5E218C3A4F00450E38 /* View */,
				D57DC7B72192CE4500086423 /* FavoritesCoordinator.swift */,
			);
			path = FavoritesScreen;
			sourceTree = "<group>";
		};
		D5DC45C1217DDE9B00709CD2 = {
			isa = PBXGroup;
			children = (
				D5DC45CC217DDE9B00709CD2 /* NewsApp */,
				D5DC45E1217DDE9D00709CD2 /* NewsAppTests */,
				D5DC45CB217DDE9B00709CD2 /* Products */,
				91C84A13190781A9AD5D52C1 /* Pods */,
				901545822B67823734FF7179 /* Frameworks */,
			);
			sourceTree = "<group>";
		};
		D5DC45CB217DDE9B00709CD2 /* Products */ = {
			isa = PBXGroup;
			children = (
				D5DC45CA217DDE9B00709CD2 /* NewsApp.app */,
				D5DC45DE217DDE9D00709CD2 /* NewsAppTests.xctest */,
			);
			name = Products;
			sourceTree = "<group>";
		};
		D5DC45CC217DDE9B00709CD2 /* NewsApp */ = {
			isa = PBXGroup;
			children = (
				D597C5CB2191C0ED00E433BC /* Coordinators */,
				D5A2E6D92189DA9900195919 /* FavoritesScreen */,
				D5EEA263218876820042870C /* TabBarController */,
				D5455C082180466E0006DA1F /* ArticleRepository */,
				D530E728217F528F00D3FE1C /* Common */,
				D530E724217F487900D3FE1C /* SingleNews */,
				D530E723217F477800D3FE1C /* MainScreen */,
				D530E71C217F00E000D3FE1C /* Networking */,
				D5DC45FB217DF12600709CD2 /* Model */,
				D5DC45CD217DDE9B00709CD2 /* AppDelegate.swift */,
				D5DC45D4217DDE9C00709CD2 /* Assets.xcassets */,
				D5DC45D9217DDE9C00709CD2 /* Info.plist */,
			);
			path = NewsApp;
			sourceTree = "<group>";
		};
		D5DC45E1217DDE9D00709CD2 /* NewsAppTests */ = {
			isa = PBXGroup;
			children = (
				D57D6218219DB3AE00A8479F /* FavoritesViewModel */,
				D57D6217219DB38E00A8479F /* MainViewModel */,
				D5EA7B04219AE69200AB134F /* GeneratedMocks.swift */,
				D5DC45E4217DDE9D00709CD2 /* Info.plist */,
			);
			path = NewsAppTests;
			sourceTree = "<group>";
		};
		D5DC45F7217DEE4D00709CD2 /* View */ = {
			isa = PBXGroup;
			children = (
				D5DC45ED217DE07C00709CD2 /* MainViewController.swift */,
			);
			path = View;
			sourceTree = "<group>";
		};
		D5DC45F8217DEE6800709CD2 /* ViewModel */ = {
			isa = PBXGroup;
			children = (
				D5DC45F5217DEE4400709CD2 /* MainViewModel.swift */,
				D5DC45F3217DEE2D00709CD2 /* MainViewModelProtocol.swift */,
			);
			path = ViewModel;
			sourceTree = "<group>";
		};
		D5DC45FB217DF12600709CD2 /* Model */ = {
			isa = PBXGroup;
			children = (
				D5DC45FC217DF13300709CD2 /* Article.swift */,
			);
			path = Model;
			sourceTree = "<group>";
		};
		D5DC45FE217DF4ED00709CD2 /* CustomCells */ = {
			isa = PBXGroup;
			children = (
				D5DC45F1217DE10500709CD2 /* TableViewCell.swift */,
			);
			path = CustomCells;
			sourceTree = "<group>";
		};
		D5EEA263218876820042870C /* TabBarController */ = {
			isa = PBXGroup;
			children = (
				D597C5D42191DAF900E433BC /* TabBarCoordinator.swift */,
			);
			path = TabBarController;
			sourceTree = "<group>";
		};
/* End PBXGroup section */

/* Begin PBXNativeTarget section */
		D5DC45C9217DDE9B00709CD2 /* NewsApp */ = {
			isa = PBXNativeTarget;
			buildConfigurationList = D5DC45E7217DDE9D00709CD2 /* Build configuration list for PBXNativeTarget "NewsApp" */;
			buildPhases = (
				352C54E5AF80BA4FBE925074 /* [CP] Check Pods Manifest.lock */,
				D5DC45C6217DDE9B00709CD2 /* Sources */,
				D5DC45C7217DDE9B00709CD2 /* Frameworks */,
				D5DC45C8217DDE9B00709CD2 /* Resources */,
				E939EA09B499A371CA03DBB2 /* [CP] Embed Pods Frameworks */,
			);
			buildRules = (
			);
			dependencies = (
			);
			name = NewsApp;
			productName = NewsApp;
			productReference = D5DC45CA217DDE9B00709CD2 /* NewsApp.app */;
			productType = "com.apple.product-type.application";
		};
		D5DC45DD217DDE9D00709CD2 /* NewsAppTests */ = {
			isa = PBXNativeTarget;
			buildConfigurationList = D5DC45EA217DDE9D00709CD2 /* Build configuration list for PBXNativeTarget "NewsAppTests" */;
			buildPhases = (
				B6A53E53A472E485AA70B9F6 /* [CP] Check Pods Manifest.lock */,
				D5DC45DA217DDE9D00709CD2 /* Sources */,
				D5DC45DB217DDE9D00709CD2 /* Frameworks */,
				D5EA7B03219AE5F400AB134F /* ShellScript */,
				D5DC45DC217DDE9D00709CD2 /* Resources */,
				C179C0FDF4D0DCD1E1A29B3F /* [CP] Embed Pods Frameworks */,
			);
			buildRules = (
			);
			dependencies = (
				D5DC45E0217DDE9D00709CD2 /* PBXTargetDependency */,
			);
			name = NewsAppTests;
			productName = NewsAppTests;
			productReference = D5DC45DE217DDE9D00709CD2 /* NewsAppTests.xctest */;
			productType = "com.apple.product-type.bundle.unit-test";
		};
/* End PBXNativeTarget section */

/* Begin PBXProject section */
		D5DC45C2217DDE9B00709CD2 /* Project object */ = {
			isa = PBXProject;
			attributes = {
				LastSwiftUpdateCheck = 0940;
				LastUpgradeCheck = 0940;
				ORGANIZATIONNAME = "Valentin Šarić";
				TargetAttributes = {
					D5DC45C9217DDE9B00709CD2 = {
						CreatedOnToolsVersion = 9.4.1;
					};
					D5DC45DD217DDE9D00709CD2 = {
						CreatedOnToolsVersion = 9.4.1;
						TestTargetID = D5DC45C9217DDE9B00709CD2;
					};
				};
			};
			buildConfigurationList = D5DC45C5217DDE9B00709CD2 /* Build configuration list for PBXProject "NewsApp" */;
			compatibilityVersion = "Xcode 9.3";
			developmentRegion = en;
			hasScannedForEncodings = 0;
			knownRegions = (
				en,
				Base,
			);
			mainGroup = D5DC45C1217DDE9B00709CD2;
			productRefGroup = D5DC45CB217DDE9B00709CD2 /* Products */;
			projectDirPath = "";
			projectRoot = "";
			targets = (
				D5DC45C9217DDE9B00709CD2 /* NewsApp */,
				D5DC45DD217DDE9D00709CD2 /* NewsAppTests */,
			);
		};
/* End PBXProject section */

/* Begin PBXResourcesBuildPhase section */
		D5DC45C8217DDE9B00709CD2 /* Resources */ = {
			isa = PBXResourcesBuildPhase;
			buildActionMask = 2147483647;
			files = (
				D5DC45D5217DDE9C00709CD2 /* Assets.xcassets in Resources */,
			);
			runOnlyForDeploymentPostprocessing = 0;
		};
		D5DC45DC217DDE9D00709CD2 /* Resources */ = {
			isa = PBXResourcesBuildPhase;
			buildActionMask = 2147483647;
			files = (
			);
			runOnlyForDeploymentPostprocessing = 0;
		};
/* End PBXResourcesBuildPhase section */

/* Begin PBXShellScriptBuildPhase section */
		352C54E5AF80BA4FBE925074 /* [CP] Check Pods Manifest.lock */ = {
			isa = PBXShellScriptBuildPhase;
			buildActionMask = 2147483647;
			files = (
			);
			inputPaths = (
				"${PODS_PODFILE_DIR_PATH}/Podfile.lock",
				"${PODS_ROOT}/Manifest.lock",
			);
			name = "[CP] Check Pods Manifest.lock";
			outputPaths = (
				"$(DERIVED_FILE_DIR)/Pods-NewsApp-checkManifestLockResult.txt",
			);
			runOnlyForDeploymentPostprocessing = 0;
			shellPath = /bin/sh;
			shellScript = "diff \"${PODS_PODFILE_DIR_PATH}/Podfile.lock\" \"${PODS_ROOT}/Manifest.lock\" > /dev/null\nif [ $? != 0 ] ; then\n    # print error to STDERR\n    echo \"error: The sandbox is not in sync with the Podfile.lock. Run 'pod install' or update your CocoaPods installation.\" >&2\n    exit 1\nfi\n# This output is used by Xcode 'outputs' to avoid re-running this script phase.\necho \"SUCCESS\" > \"${SCRIPT_OUTPUT_FILE_0}\"\n";
			showEnvVarsInLog = 0;
		};
		B6A53E53A472E485AA70B9F6 /* [CP] Check Pods Manifest.lock */ = {
			isa = PBXShellScriptBuildPhase;
			buildActionMask = 2147483647;
			files = (
			);
			inputPaths = (
				"${PODS_PODFILE_DIR_PATH}/Podfile.lock",
				"${PODS_ROOT}/Manifest.lock",
			);
			name = "[CP] Check Pods Manifest.lock";
			outputPaths = (
				"$(DERIVED_FILE_DIR)/Pods-NewsAppTests-checkManifestLockResult.txt",
			);
			runOnlyForDeploymentPostprocessing = 0;
			shellPath = /bin/sh;
			shellScript = "diff \"${PODS_PODFILE_DIR_PATH}/Podfile.lock\" \"${PODS_ROOT}/Manifest.lock\" > /dev/null\nif [ $? != 0 ] ; then\n    # print error to STDERR\n    echo \"error: The sandbox is not in sync with the Podfile.lock. Run 'pod install' or update your CocoaPods installation.\" >&2\n    exit 1\nfi\n# This output is used by Xcode 'outputs' to avoid re-running this script phase.\necho \"SUCCESS\" > \"${SCRIPT_OUTPUT_FILE_0}\"\n";
			showEnvVarsInLog = 0;
		};
		C179C0FDF4D0DCD1E1A29B3F /* [CP] Embed Pods Frameworks */ = {
			isa = PBXShellScriptBuildPhase;
			buildActionMask = 2147483647;
			files = (
			);
			inputPaths = (
				"${SRCROOT}/Pods/Target Support Files/Pods-NewsAppTests/Pods-NewsAppTests-frameworks.sh",
				"${BUILT_PRODUCTS_DIR}/Nimble/Nimble.framework",
				"${BUILT_PRODUCTS_DIR}/Quick/Quick.framework",
			);
			name = "[CP] Embed Pods Frameworks";
			outputPaths = (
				"${TARGET_BUILD_DIR}/${FRAMEWORKS_FOLDER_PATH}/Nimble.framework",
				"${TARGET_BUILD_DIR}/${FRAMEWORKS_FOLDER_PATH}/Quick.framework",
			);
			runOnlyForDeploymentPostprocessing = 0;
			shellPath = /bin/sh;
			shellScript = "\"${SRCROOT}/Pods/Target Support Files/Pods-NewsAppTests/Pods-NewsAppTests-frameworks.sh\"\n";
			showEnvVarsInLog = 0;
		};
		D5EA7B03219AE5F400AB134F /* ShellScript */ = {
			isa = PBXShellScriptBuildPhase;
			buildActionMask = 2147483647;
			files = (
			);
			inputPaths = (
			);
			outputPaths = (
			);
			runOnlyForDeploymentPostprocessing = 0;
			shellPath = /bin/sh;
			shellScript = "# Define output file. Change \"$PROJECT_DIR/${PROJECT_NAME}Tests\" to your test's root source folder, if it's not the default name.\nOUTPUT_FILE=\"$PROJECT_DIR/${PROJECT_NAME}Tests/GeneratedMocks.swift\"\necho \"Generated Mocks File = $OUTPUT_FILE\"\n\n# Define input directory. Change \"${PROJECT_DIR}/${PROJECT_NAME}\" to your project's root source folder, if it's not the default name.\nINPUT_DIR=\"${PROJECT_DIR}/${PROJECT_NAME}\"\necho \"Mocks Input Directory = $INPUT_DIR\"\n\n# Generate mock files, include as many input files as you'd like to create mocks for.\n\"${PODS_ROOT}/Cuckoo/run\" generate --testable \"$PROJECT_NAME\" \\\n--output \"${OUTPUT_FILE}\" \\\n\"$INPUT_DIR/ArticleRepository/ArticleRepositoryProtocol.swift\"\n# ... and so forth, the last line should never end with a backslash\n\n# After running once, locate `GeneratedMocks.swift` and drag it into your Xcode test target group.";
		};
		E939EA09B499A371CA03DBB2 /* [CP] Embed Pods Frameworks */ = {
			isa = PBXShellScriptBuildPhase;
			buildActionMask = 2147483647;
			files = (
			);
			inputPaths = (
				"${SRCROOT}/Pods/Target Support Files/Pods-NewsApp/Pods-NewsApp-frameworks.sh",
				"${BUILT_PRODUCTS_DIR}/Alamofire/Alamofire.framework",
				"${BUILT_PRODUCTS_DIR}/Cuckoo/Cuckoo.framework",
				"${BUILT_PRODUCTS_DIR}/Kingfisher/Kingfisher.framework",
				"${BUILT_PRODUCTS_DIR}/Realm/Realm.framework",
				"${BUILT_PRODUCTS_DIR}/RealmSwift/RealmSwift.framework",
				"${BUILT_PRODUCTS_DIR}/RxAtomic/RxAtomic.framework",
				"${BUILT_PRODUCTS_DIR}/RxBlocking/RxBlocking.framework",
				"${BUILT_PRODUCTS_DIR}/RxCocoa/RxCocoa.framework",
				"${BUILT_PRODUCTS_DIR}/RxSwift/RxSwift.framework",
				"${BUILT_PRODUCTS_DIR}/RxTest/RxTest.framework",
			);
			name = "[CP] Embed Pods Frameworks";
			outputPaths = (
				"${TARGET_BUILD_DIR}/${FRAMEWORKS_FOLDER_PATH}/Alamofire.framework",
				"${TARGET_BUILD_DIR}/${FRAMEWORKS_FOLDER_PATH}/Cuckoo.framework",
				"${TARGET_BUILD_DIR}/${FRAMEWORKS_FOLDER_PATH}/Kingfisher.framework",
				"${TARGET_BUILD_DIR}/${FRAMEWORKS_FOLDER_PATH}/Realm.framework",
				"${TARGET_BUILD_DIR}/${FRAMEWORKS_FOLDER_PATH}/RealmSwift.framework",
				"${TARGET_BUILD_DIR}/${FRAMEWORKS_FOLDER_PATH}/RxAtomic.framework",
				"${TARGET_BUILD_DIR}/${FRAMEWORKS_FOLDER_PATH}/RxBlocking.framework",
				"${TARGET_BUILD_DIR}/${FRAMEWORKS_FOLDER_PATH}/RxCocoa.framework",
				"${TARGET_BUILD_DIR}/${FRAMEWORKS_FOLDER_PATH}/RxSwift.framework",
				"${TARGET_BUILD_DIR}/${FRAMEWORKS_FOLDER_PATH}/RxTest.framework",
			);
			runOnlyForDeploymentPostprocessing = 0;
			shellPath = /bin/sh;
			shellScript = "\"${SRCROOT}/Pods/Target Support Files/Pods-NewsApp/Pods-NewsApp-frameworks.sh\"\n";
			showEnvVarsInLog = 0;
		};
/* End PBXShellScriptBuildPhase section */

/* Begin PBXSourcesBuildPhase section */
		D5DC45C6217DDE9B00709CD2 /* Sources */ = {
			isa = PBXSourcesBuildPhase;
			buildActionMask = 2147483647;
			files = (
				D5A2E6DD2189DB6000195919 /* FavoritesViewModel.swift in Sources */,
				D57122D42194226300EE0EA7 /* SingleViewModelProtocol.swift in Sources */,
				D57122D52194226300EE0EA7 /* SingleViewModel.swift in Sources */,
				D5DC45F4217DEE2D00709CD2 /* MainViewModelProtocol.swift in Sources */,
				D597C5DB2191E7B000E433BC /* SingleScreenCoordinatorDelegate.swift in Sources */,
				D57DC7B82192CE4500086423 /* FavoritesCoordinator.swift in Sources */,
				D597C5D12191C1B100E433BC /* CoordinatorDelegate.swift in Sources */,
				D5455C0A2180467E0006DA1F /* ArticleRepository.swift in Sources */,
				D5DC45FD217DF13300709CD2 /* Article.swift in Sources */,
				D597C5CF2191C18A00E433BC /* Coordinator.swift in Sources */,
				D597C5CD2191C10B00E433BC /* AppCoordinator.swift in Sources */,
				D530E72A217F52E000D3FE1C /* Common.swift in Sources */,
				D57DC7BA2192D81500086423 /* SingleCoordinator.swift in Sources */,
				D5A2E6DB2189DABE00195919 /* FavoritesViewController.swift in Sources */,
				D5A2E6DF2189DBA400195919 /* FavoritesViewModelProtocol.swift in Sources */,
				D5A11F63218C54ED00450E38 /* ArticleRepositoryProtocol.swift in Sources */,
				D5DC45EE217DE07C00709CD2 /* MainViewController.swift in Sources */,
				D5DC45F2217DE10500709CD2 /* TableViewCell.swift in Sources */,
				D530E727217F4A4700D3FE1C /* SingleViewController.swift in Sources */,
				D597C5D52191DAF900E433BC /* TabBarCoordinator.swift in Sources */,
				D5DC45CE217DDE9B00709CD2 /* AppDelegate.swift in Sources */,
				D597C5D72191E47700E433BC /* MainScreenCoordinator.swift in Sources */,
				D530E71B217F008900D3FE1C /* Interactor.swift in Sources */,
				D5DC45F6217DEE4400709CD2 /* MainViewModel.swift in Sources */,
			);
			runOnlyForDeploymentPostprocessing = 0;
		};
		D5DC45DA217DDE9D00709CD2 /* Sources */ = {
			isa = PBXSourcesBuildPhase;
			buildActionMask = 2147483647;
			files = (
				D57D6216219DB34300A8479F /* FavoritesViewModelTests.swift in Sources */,
				D5DC45E3217DDE9D00709CD2 /* MainViewModelTests.swift in Sources */,
				D5EA7B05219AE69200AB134F /* GeneratedMocks.swift in Sources */,
			);
			runOnlyForDeploymentPostprocessing = 0;
		};
/* End PBXSourcesBuildPhase section */

/* Begin PBXTargetDependency section */
		D5DC45E0217DDE9D00709CD2 /* PBXTargetDependency */ = {
			isa = PBXTargetDependency;
			target = D5DC45C9217DDE9B00709CD2 /* NewsApp */;
			targetProxy = D5DC45DF217DDE9D00709CD2 /* PBXContainerItemProxy */;
		};
/* End PBXTargetDependency section */

/* Begin XCBuildConfiguration section */
		D5DC45E5217DDE9D00709CD2 /* Debug */ = {
			isa = XCBuildConfiguration;
			buildSettings = {
				ALWAYS_SEARCH_USER_PATHS = NO;
				CLANG_ANALYZER_NONNULL = YES;
				CLANG_ANALYZER_NUMBER_OBJECT_CONVERSION = YES_AGGRESSIVE;
				CLANG_CXX_LANGUAGE_STANDARD = "gnu++14";
				CLANG_CXX_LIBRARY = "libc++";
				CLANG_ENABLE_MODULES = YES;
				CLANG_ENABLE_OBJC_ARC = YES;
				CLANG_ENABLE_OBJC_WEAK = YES;
				CLANG_WARN_BLOCK_CAPTURE_AUTORELEASING = YES;
				CLANG_WARN_BOOL_CONVERSION = YES;
				CLANG_WARN_COMMA = YES;
				CLANG_WARN_CONSTANT_CONVERSION = YES;
				CLANG_WARN_DEPRECATED_OBJC_IMPLEMENTATIONS = YES;
				CLANG_WARN_DIRECT_OBJC_ISA_USAGE = YES_ERROR;
				CLANG_WARN_DOCUMENTATION_COMMENTS = YES;
				CLANG_WARN_EMPTY_BODY = YES;
				CLANG_WARN_ENUM_CONVERSION = YES;
				CLANG_WARN_INFINITE_RECURSION = YES;
				CLANG_WARN_INT_CONVERSION = YES;
				CLANG_WARN_NON_LITERAL_NULL_CONVERSION = YES;
				CLANG_WARN_OBJC_IMPLICIT_RETAIN_SELF = YES;
				CLANG_WARN_OBJC_LITERAL_CONVERSION = YES;
				CLANG_WARN_OBJC_ROOT_CLASS = YES_ERROR;
				CLANG_WARN_RANGE_LOOP_ANALYSIS = YES;
				CLANG_WARN_STRICT_PROTOTYPES = YES;
				CLANG_WARN_SUSPICIOUS_MOVE = YES;
				CLANG_WARN_UNGUARDED_AVAILABILITY = YES_AGGRESSIVE;
				CLANG_WARN_UNREACHABLE_CODE = YES;
				CLANG_WARN__DUPLICATE_METHOD_MATCH = YES;
				CODE_SIGN_IDENTITY = "iPhone Developer";
				COPY_PHASE_STRIP = NO;
				DEBUG_INFORMATION_FORMAT = dwarf;
				ENABLE_STRICT_OBJC_MSGSEND = YES;
				ENABLE_TESTABILITY = YES;
				GCC_C_LANGUAGE_STANDARD = gnu11;
				GCC_DYNAMIC_NO_PIC = NO;
				GCC_NO_COMMON_BLOCKS = YES;
				GCC_OPTIMIZATION_LEVEL = 0;
				GCC_PREPROCESSOR_DEFINITIONS = (
					"DEBUG=1",
					"$(inherited)",
				);
				GCC_WARN_64_TO_32_BIT_CONVERSION = YES;
				GCC_WARN_ABOUT_RETURN_TYPE = YES_ERROR;
				GCC_WARN_UNDECLARED_SELECTOR = YES;
				GCC_WARN_UNINITIALIZED_AUTOS = YES_AGGRESSIVE;
				GCC_WARN_UNUSED_FUNCTION = YES;
				GCC_WARN_UNUSED_VARIABLE = YES;
				IPHONEOS_DEPLOYMENT_TARGET = 11.4;
				MTL_ENABLE_DEBUG_INFO = YES;
				ONLY_ACTIVE_ARCH = YES;
				SDKROOT = iphoneos;
				SWIFT_ACTIVE_COMPILATION_CONDITIONS = DEBUG;
				SWIFT_OPTIMIZATION_LEVEL = "-Onone";
			};
			name = Debug;
		};
		D5DC45E6217DDE9D00709CD2 /* Release */ = {
			isa = XCBuildConfiguration;
			buildSettings = {
				ALWAYS_SEARCH_USER_PATHS = NO;
				CLANG_ANALYZER_NONNULL = YES;
				CLANG_ANALYZER_NUMBER_OBJECT_CONVERSION = YES_AGGRESSIVE;
				CLANG_CXX_LANGUAGE_STANDARD = "gnu++14";
				CLANG_CXX_LIBRARY = "libc++";
				CLANG_ENABLE_MODULES = YES;
				CLANG_ENABLE_OBJC_ARC = YES;
				CLANG_ENABLE_OBJC_WEAK = YES;
				CLANG_WARN_BLOCK_CAPTURE_AUTORELEASING = YES;
				CLANG_WARN_BOOL_CONVERSION = YES;
				CLANG_WARN_COMMA = YES;
				CLANG_WARN_CONSTANT_CONVERSION = YES;
				CLANG_WARN_DEPRECATED_OBJC_IMPLEMENTATIONS = YES;
				CLANG_WARN_DIRECT_OBJC_ISA_USAGE = YES_ERROR;
				CLANG_WARN_DOCUMENTATION_COMMENTS = YES;
				CLANG_WARN_EMPTY_BODY = YES;
				CLANG_WARN_ENUM_CONVERSION = YES;
				CLANG_WARN_INFINITE_RECURSION = YES;
				CLANG_WARN_INT_CONVERSION = YES;
				CLANG_WARN_NON_LITERAL_NULL_CONVERSION = YES;
				CLANG_WARN_OBJC_IMPLICIT_RETAIN_SELF = YES;
				CLANG_WARN_OBJC_LITERAL_CONVERSION = YES;
				CLANG_WARN_OBJC_ROOT_CLASS = YES_ERROR;
				CLANG_WARN_RANGE_LOOP_ANALYSIS = YES;
				CLANG_WARN_STRICT_PROTOTYPES = YES;
				CLANG_WARN_SUSPICIOUS_MOVE = YES;
				CLANG_WARN_UNGUARDED_AVAILABILITY = YES_AGGRESSIVE;
				CLANG_WARN_UNREACHABLE_CODE = YES;
				CLANG_WARN__DUPLICATE_METHOD_MATCH = YES;
				CODE_SIGN_IDENTITY = "iPhone Developer";
				COPY_PHASE_STRIP = NO;
				DEBUG_INFORMATION_FORMAT = "dwarf-with-dsym";
				ENABLE_NS_ASSERTIONS = NO;
				ENABLE_STRICT_OBJC_MSGSEND = YES;
				GCC_C_LANGUAGE_STANDARD = gnu11;
				GCC_NO_COMMON_BLOCKS = YES;
				GCC_WARN_64_TO_32_BIT_CONVERSION = YES;
				GCC_WARN_ABOUT_RETURN_TYPE = YES_ERROR;
				GCC_WARN_UNDECLARED_SELECTOR = YES;
				GCC_WARN_UNINITIALIZED_AUTOS = YES_AGGRESSIVE;
				GCC_WARN_UNUSED_FUNCTION = YES;
				GCC_WARN_UNUSED_VARIABLE = YES;
				IPHONEOS_DEPLOYMENT_TARGET = 11.4;
				MTL_ENABLE_DEBUG_INFO = NO;
				SDKROOT = iphoneos;
				SWIFT_COMPILATION_MODE = wholemodule;
				SWIFT_OPTIMIZATION_LEVEL = "-O";
				VALIDATE_PRODUCT = YES;
			};
			name = Release;
		};
		D5DC45E8217DDE9D00709CD2 /* Debug */ = {
			isa = XCBuildConfiguration;
			baseConfigurationReference = F9511EED1E9A96C4D6DD64BF /* Pods-NewsApp.debug.xcconfig */;
			buildSettings = {
				ASSETCATALOG_COMPILER_APPICON_NAME = AppIcon;
				CODE_SIGN_STYLE = Automatic;
				INFOPLIST_FILE = NewsApp/Info.plist;
				LD_RUNPATH_SEARCH_PATHS = (
					"$(inherited)",
					"@executable_path/Frameworks",
				);
				PRODUCT_BUNDLE_IDENTIFIER = plava.tvornica.NewsApp;
				PRODUCT_NAME = "$(TARGET_NAME)";
				SWIFT_VERSION = 4.0;
				TARGETED_DEVICE_FAMILY = "1,2";
			};
			name = Debug;
		};
		D5DC45E9217DDE9D00709CD2 /* Release */ = {
			isa = XCBuildConfiguration;
			baseConfigurationReference = 184CFBC2BFBFE1EB669588C2 /* Pods-NewsApp.release.xcconfig */;
			buildSettings = {
				ASSETCATALOG_COMPILER_APPICON_NAME = AppIcon;
				CODE_SIGN_STYLE = Automatic;
				INFOPLIST_FILE = NewsApp/Info.plist;
				LD_RUNPATH_SEARCH_PATHS = (
					"$(inherited)",
					"@executable_path/Frameworks",
				);
				PRODUCT_BUNDLE_IDENTIFIER = plava.tvornica.NewsApp;
				PRODUCT_NAME = "$(TARGET_NAME)";
				SWIFT_VERSION = 4.0;
				TARGETED_DEVICE_FAMILY = "1,2";
			};
			name = Release;
		};
		D5DC45EB217DDE9D00709CD2 /* Debug */ = {
			isa = XCBuildConfiguration;
			baseConfigurationReference = 7F6DFE7782E5AAC6348ECF39 /* Pods-NewsAppTests.debug.xcconfig */;
			buildSettings = {
				ALWAYS_EMBED_SWIFT_STANDARD_LIBRARIES = YES;
				BUNDLE_LOADER = "$(TEST_HOST)";
				CODE_SIGN_STYLE = Automatic;
				INFOPLIST_FILE = NewsAppTests/Info.plist;
				LD_RUNPATH_SEARCH_PATHS = (
					"$(inherited)",
					"@executable_path/Frameworks",
					"@loader_path/Frameworks",
				);
				PRODUCT_BUNDLE_IDENTIFIER = plava.tvornica.NewsAppTests;
				PRODUCT_NAME = "$(TARGET_NAME)";
				SWIFT_VERSION = 4.0;
				TARGETED_DEVICE_FAMILY = "1,2";
				TEST_HOST = "$(BUILT_PRODUCTS_DIR)/NewsApp.app/NewsApp";
			};
			name = Debug;
		};
		D5DC45EC217DDE9D00709CD2 /* Release */ = {
			isa = XCBuildConfiguration;
			baseConfigurationReference = EA46E5EF8BD17BA9027059F5 /* Pods-NewsAppTests.release.xcconfig */;
			buildSettings = {
				ALWAYS_EMBED_SWIFT_STANDARD_LIBRARIES = YES;
				BUNDLE_LOADER = "$(TEST_HOST)";
				CODE_SIGN_STYLE = Automatic;
				INFOPLIST_FILE = NewsAppTests/Info.plist;
				LD_RUNPATH_SEARCH_PATHS = (
					"$(inherited)",
					"@executable_path/Frameworks",
					"@loader_path/Frameworks",
				);
				PRODUCT_BUNDLE_IDENTIFIER = plava.tvornica.NewsAppTests;
				PRODUCT_NAME = "$(TARGET_NAME)";
				SWIFT_VERSION = 4.0;
				TARGETED_DEVICE_FAMILY = "1,2";
				TEST_HOST = "$(BUILT_PRODUCTS_DIR)/NewsApp.app/NewsApp";
			};
			name = Release;
		};
/* End XCBuildConfiguration section */

/* Begin XCConfigurationList section */
		D5DC45C5217DDE9B00709CD2 /* Build configuration list for PBXProject "NewsApp" */ = {
			isa = XCConfigurationList;
			buildConfigurations = (
				D5DC45E5217DDE9D00709CD2 /* Debug */,
				D5DC45E6217DDE9D00709CD2 /* Release */,
			);
			defaultConfigurationIsVisible = 0;
			defaultConfigurationName = Release;
		};
		D5DC45E7217DDE9D00709CD2 /* Build configuration list for PBXNativeTarget "NewsApp" */ = {
			isa = XCConfigurationList;
			buildConfigurations = (
				D5DC45E8217DDE9D00709CD2 /* Debug */,
				D5DC45E9217DDE9D00709CD2 /* Release */,
			);
			defaultConfigurationIsVisible = 0;
			defaultConfigurationName = Release;
		};
		D5DC45EA217DDE9D00709CD2 /* Build configuration list for PBXNativeTarget "NewsAppTests" */ = {
			isa = XCConfigurationList;
			buildConfigurations = (
				D5DC45EB217DDE9D00709CD2 /* Debug */,
				D5DC45EC217DDE9D00709CD2 /* Release */,
			);
			defaultConfigurationIsVisible = 0;
			defaultConfigurationName = Release;
		};
/* End XCConfigurationList section */
	};
	rootObject = D5DC45C2217DDE9B00709CD2 /* Project object */;
}
